
Microsoft Visual Studio Solution File, Format Version 12.00
# Visual Studio Version 16
VisualStudioVersion = 16.0.31624.102
MinimumVisualStudioVersion = 10.0.40219.1
Project("{8BC9CEB8-8B4A-11D0-8D11-00A0C91BC942}") = "Num5.3", "Num5.3\Num5.3.vcxproj", "{EB678AC8-9989-48F5-94C9-589934AC0EC7}"
EndProject
Global
	GlobalSection(SolutionConfigurationPlatforms) = preSolution
		Debug|x64 = Debug|x64
		Debug|x86 = Debug|x86
		Release|x64 = Release|x64
		Release|x86 = Release|x86
	EndGlobalSection
	GlobalSection(ProjectConfigurationPlatforms) = postSolution
		{EB678AC8-9989-48F5-94C9-589934AC0EC7}.Debug|x64.ActiveCfg = Debug|x64
		{EB678AC8-9989-48F5-94C9-589934AC0EC7}.Debug|x64.Build.0 = Debug|x64
		{EB678AC8-9989-48F5-94C9-589934AC0EC7}.Debug|x86.ActiveCfg = Debug|Win32
		{EB678AC8-9989-48F5-94C9-589934AC0EC7}.Debug|x86.Build.0 = Debug|Win32
		{EB678AC8-9989-48F5-94C9-589934AC0EC7}.Release|x64.ActiveCfg = Release|x64
		{EB678AC8-9989-48F5-94C9-589934AC0EC7}.Release|x64.Build.0 = Release|x64
		{EB678AC8-9989-48F5-94C9-589934AC0EC7}.Release|x86.ActiveCfg = Release|Win32
		{EB678AC8-9989-48F5-94C9-589934AC0EC7}.Release|x86.Build.0 = Release|Win32
	EndGlobalSection
	GlobalSection(SolutionProperties) = preSolution
		HideSolutionNode = FALSE
	EndGlobalSection
	GlobalSection(ExtensibilityGlobals) = postSolution
		SolutionGuid = {56333E7F-AEC5-4745-BD88-38923A1D36B5}
	EndGlobalSection
EndGlobal
